{
  "name": "@votadev/tooncode",
  "version": "2.3.2",
  "lockfileVersion": 3,
  "requires": true,
  "packages": {
    "": {
      "name": "@votadev/tooncode",
      "version": "2.3.2",
      "hasInstallScript": true,
      "license": "MIT",
      "bin": {
        "tooncode": "bin/tooncode.js"
      },
      "engines": {
        "node": ">=16"
      }
    }
  }
}
